
Microsoft Visual Studio Solution File, Format Version 12.00
# Visual Studio Version 16
VisualStudioVersion = 16.0.29709.97
MinimumVisualStudioVersion = 10.0.40219.1
Project("{FAE04EC0-301F-11D3-BF4B-00C04F79EFBC}") = "Custom Weapons", "Custom Weapons\Custom Weapons.csproj", "{92A6A276-5494-4AEF-8C2E-43D1EE838075}"
EndProject
Project("{FAE04EC0-301F-11D3-BF4B-00C04F79EFBC}") = "Custom Weapons-Editor", "Custom Weapons-Editor\Custom Weapons-Editor.csproj", "{FD3F2C5C-EB5E-4D43-A03F-45D3E9F2FC96}"
EndProject
Global
	GlobalSection(SolutionConfigurationPlatforms) = preSolution
		Debug|Any CPU = Debug|Any CPU
		Release|Any CPU = Release|Any CPU
	EndGlobalSection
	GlobalSection(ProjectConfigurationPlatforms) = postSolution
		{92A6A276-5494-4AEF-8C2E-43D1EE838075}.Debug|Any CPU.ActiveCfg = Debug|Any CPU
		{92A6A276-5494-4AEF-8C2E-43D1EE838075}.Debug|Any CPU.Build.0 = Debug|Any CPU
		{92A6A276-5494-4AEF-8C2E-43D1EE838075}.Release|Any CPU.ActiveCfg = Release|Any CPU
		{92A6A276-5494-4AEF-8C2E-43D1EE838075}.Release|Any CPU.Build.0 = Release|Any CPU
		{FD3F2C5C-EB5E-4D43-A03F-45D3E9F2FC96}.Debug|Any CPU.ActiveCfg = Debug|Any CPU
		{FD3F2C5C-EB5E-4D43-A03F-45D3E9F2FC96}.Debug|Any CPU.Build.0 = Debug|Any CPU
		{FD3F2C5C-EB5E-4D43-A03F-45D3E9F2FC96}.Release|Any CPU.ActiveCfg = Release|Any CPU
		{FD3F2C5C-EB5E-4D43-A03F-45D3E9F2FC96}.Release|Any CPU.Build.0 = Release|Any CPU
	EndGlobalSection
	GlobalSection(SolutionProperties) = preSolution
		HideSolutionNode = FALSE
	EndGlobalSection
	GlobalSection(ExtensibilityGlobals) = postSolution
		SolutionGuid = {8C7C568C-0CF1-4A81-8C12-3FF197972DC0}
	EndGlobalSection
EndGlobal
